[{<<"color">>,
  {git,"https://github.com/julianduque/erlang-color",
       {ref,"e60f6302f795220f5f0bee86391ffee5274edec0"}},
  1},
 {<<"erlydtl">>,
  {git,"https://github.com/erlydtl/erlydtl.git",
       {ref,"bb1ae0f005dd038bc2a5605465fec6429b3e3a30"}},
  0},
 {<<"exemplar">>,
  {git,"https://github.com/lfex/exemplar.git",
       {ref,"0518cc70c568385ce8b0d83be0f7ab6e95f4b684"}},
  0},
 {<<"goldrush">>,
  {git,"git://github.com/DeadZen/goldrush.git",
       {ref,"212299233c7e7eb63a97be2777e1c05ebaa58dbe"}},
  2},
 {<<"lager">>,
  {git,"https://github.com/basho/lager.git",
       {ref,"8187757388c9adc915379caaab36a2f2ca26e944"}},
  1},
 {<<"lcfg">>,
  {git,"https://github.com/lfex/lcfg.git",
       {ref,"432128ce41a12443cd0450d670c42b357a9a3dd9"}},
  0},
 {<<"lfe">>,
  {git,"https://github.com/rvirding/lfe",
       {ref,"e035006a486278c5ad8b8b04d14d5ef3dede64f7"}},
  1},
 {<<"logjam">>,
  {git,"https://github.com/lfex/logjam.git",
       {ref,"da59035fb729ae40117dad23e710cde7714129e8"}},
  0},
 {<<"lutil">>,
  {git,"https://github.com/lfex/lutil.git",
       {ref,"42206494112d25e36aab139657162200bbd75b67"}},
  1}].
